
Microsoft Visual Studio Solution File, Format Version 12.00
# Visual Studio Version 17
VisualStudioVersion = 17.6.33712.159
MinimumVisualStudioVersion = 10.0.40219.1
Project("{FAE04EC0-301F-11D3-BF4B-00C04F79EFBC}") = "Lab05_Winform", "Lab05_Winform\Lab05_Winform.csproj", "{103C7B82-6ACD-4233-B87F-3625CC8295D1}"
EndProject
Global
	GlobalSection(SolutionConfigurationPlatforms) = preSolution
		Debug|Any CPU = Debug|Any CPU
		Release|Any CPU = Release|Any CPU
	EndGlobalSection
	GlobalSection(ProjectConfigurationPlatforms) = postSolution
		{103C7B82-6ACD-4233-B87F-3625CC8295D1}.Debug|Any CPU.ActiveCfg = Debug|Any CPU
		{103C7B82-6ACD-4233-B87F-3625CC8295D1}.Debug|Any CPU.Build.0 = Debug|Any CPU
		{103C7B82-6ACD-4233-B87F-3625CC8295D1}.Release|Any CPU.ActiveCfg = Release|Any CPU
		{103C7B82-6ACD-4233-B87F-3625CC8295D1}.Release|Any CPU.Build.0 = Release|Any CPU
	EndGlobalSection
	GlobalSection(SolutionProperties) = preSolution
		HideSolutionNode = FALSE
	EndGlobalSection
	GlobalSection(ExtensibilityGlobals) = postSolution
		SolutionGuid = {C5225471-6BBD-4855-AB7E-63836D140987}
	EndGlobalSection
EndGlobal
